
Microsoft Visual Studio Solution File, Format Version 12.00
# Visual Studio Version 16
VisualStudioVersion = 16.0.29728.190
MinimumVisualStudioVersion = 10.0.40219.1
Project("{FAE04EC0-301F-11D3-BF4B-00C04F79EFBC}") = "WebAPI", "WebAPI\WebAPI.csproj", "{47A004FB-D1FE-465B-B61C-360FD072BA84}"
EndProject
Global
	GlobalSection(SolutionConfigurationPlatforms) = preSolution
		Debug|Any CPU = Debug|Any CPU
		Release|Any CPU = Release|Any CPU
	EndGlobalSection
	GlobalSection(ProjectConfigurationPlatforms) = postSolution
		{47A004FB-D1FE-465B-B61C-360FD072BA84}.Debug|Any CPU.ActiveCfg = Debug|Any CPU
		{47A004FB-D1FE-465B-B61C-360FD072BA84}.Debug|Any CPU.Build.0 = Debug|Any CPU
		{47A004FB-D1FE-465B-B61C-360FD072BA84}.Release|Any CPU.ActiveCfg = Release|Any CPU
		{47A004FB-D1FE-465B-B61C-360FD072BA84}.Release|Any CPU.Build.0 = Release|Any CPU
	EndGlobalSection
	GlobalSection(SolutionProperties) = preSolution
		HideSolutionNode = FALSE
	EndGlobalSection
	GlobalSection(ExtensibilityGlobals) = postSolution
		SolutionGuid = {4407D781-8B20-4718-9CF2-914B355A2ACF}
	EndGlobalSection
EndGlobal
